
Microsoft Visual Studio Solution File, Format Version 12.00
# Visual Studio Version 17
VisualStudioVersion = 17.2.32616.157
MinimumVisualStudioVersion = 10.0.40219.1
Project("{FAE04EC0-301F-11D3-BF4B-00C04F79EFBC}") = "AlberEOLTester", "AlberEOLTester\AlberEOLTester.csproj", "{CDFDA616-82E9-4BB0-AECE-4B15DADF6F24}"
	ProjectSection(ProjectDependencies) = postProject
		{210A181A-5829-4471-9E08-C24A03595F46} = {210A181A-5829-4471-9E08-C24A03595F46}
		{46587218-5EAB-4331-A03B-FFF92B45D432} = {46587218-5EAB-4331-A03B-FFF92B45D432}
	EndProjectSection
EndProject
Project("{FAE04EC0-301F-11D3-BF4B-00C04F79EFBC}") = "BQ76942_769142_76952", "BQ\BQ76942_769142_76952.csproj", "{46587218-5EAB-4331-A03B-FFF92B45D432}"
EndProject
Project("{FAE04EC0-301F-11D3-BF4B-00C04F79EFBC}") = "VTEP", "VTEP\VTEP.csproj", "{210A181A-5829-4471-9E08-C24A03595F46}"
EndProject
Project("{FAE04EC0-301F-11D3-BF4B-00C04F79EFBC}") = "CommInterface", "COMM\CommInterface.csproj", "{51AC9530-9314-4D1D-A4DC-3FB5A7D17EB5}"
EndProject
Global
	GlobalSection(SolutionConfigurationPlatforms) = preSolution
		Debug|Any CPU = Debug|Any CPU
		Release|Any CPU = Release|Any CPU
	EndGlobalSection
	GlobalSection(ProjectConfigurationPlatforms) = postSolution
		{CDFDA616-82E9-4BB0-AECE-4B15DADF6F24}.Debug|Any CPU.ActiveCfg = Debug|Any CPU
		{CDFDA616-82E9-4BB0-AECE-4B15DADF6F24}.Debug|Any CPU.Build.0 = Debug|Any CPU
		{CDFDA616-82E9-4BB0-AECE-4B15DADF6F24}.Release|Any CPU.ActiveCfg = Release|Any CPU
		{CDFDA616-82E9-4BB0-AECE-4B15DADF6F24}.Release|Any CPU.Build.0 = Release|Any CPU
		{46587218-5EAB-4331-A03B-FFF92B45D432}.Debug|Any CPU.ActiveCfg = Debug|Any CPU
		{46587218-5EAB-4331-A03B-FFF92B45D432}.Debug|Any CPU.Build.0 = Debug|Any CPU
		{46587218-5EAB-4331-A03B-FFF92B45D432}.Release|Any CPU.ActiveCfg = Release|Any CPU
		{46587218-5EAB-4331-A03B-FFF92B45D432}.Release|Any CPU.Build.0 = Release|Any CPU
		{210A181A-5829-4471-9E08-C24A03595F46}.Debug|Any CPU.ActiveCfg = Debug|Any CPU
		{210A181A-5829-4471-9E08-C24A03595F46}.Debug|Any CPU.Build.0 = Debug|Any CPU
		{210A181A-5829-4471-9E08-C24A03595F46}.Release|Any CPU.ActiveCfg = Release|Any CPU
		{210A181A-5829-4471-9E08-C24A03595F46}.Release|Any CPU.Build.0 = Release|Any CPU
		{51AC9530-9314-4D1D-A4DC-3FB5A7D17EB5}.Debug|Any CPU.ActiveCfg = Debug|Any CPU
		{51AC9530-9314-4D1D-A4DC-3FB5A7D17EB5}.Debug|Any CPU.Build.0 = Debug|Any CPU
		{51AC9530-9314-4D1D-A4DC-3FB5A7D17EB5}.Release|Any CPU.ActiveCfg = Release|Any CPU
		{51AC9530-9314-4D1D-A4DC-3FB5A7D17EB5}.Release|Any CPU.Build.0 = Release|Any CPU
	EndGlobalSection
	GlobalSection(SolutionProperties) = preSolution
		HideSolutionNode = FALSE
	EndGlobalSection
	GlobalSection(ExtensibilityGlobals) = postSolution
		SolutionGuid = {943B5534-125B-497B-954A-447BCCA7E15F}
	EndGlobalSection
EndGlobal
